{
    "version": 3,
    "terraform_version": "0.9.5",
    "serial": 1,
    "lineage": "9f7b55d6-044e-4fe7-b455-9549ee5c00bf",
    "modules": [
        {
            "path": [
                "root"
            ],
            "outputs": {},
            "resources": {
                "aws_instance.myapp": {
                    "type": "aws_instance",
                    "depends_on": [
                        "aws_key_pair.default",
                        "aws_security_group.mysg",
                        "aws_subnet.mysub"
                    ],
                    "primary": {
                        "id": "i-0c3738c090a2646d0",
                        "attributes": {
                            "ami": "ami-cfe4b2b0",
                            "associate_public_ip_address": "true",
                            "availability_zone": "us-east-1d",
                            "disable_api_termination": "false",
                            "ebs_block_device.#": "0",
                            "ebs_optimized": "false",
                            "ephemeral_block_device.#": "0",
                            "iam_instance_profile": "",
                            "id": "i-0c3738c090a2646d0",
                            "instance_state": "running",
                            "instance_type": "t2.micro",
                            "ipv6_address_count": "0",
                            "ipv6_addresses.#": "0",
                            "key_name": "fashioncloud",
                            "monitoring": "false",
                            "network_interface.#": "0",
                            "network_interface_id": "eni-e74f8bb3",
                            "primary_network_interface_id": "eni-e74f8bb3",
                            "private_dns": "ip-10-0-1-83.ec2.internal",
                            "private_ip": "10.0.1.83",
                            "public_dns": "ec2-18-208-180-153.compute-1.amazonaws.com",
                            "public_ip": "18.208.180.153",
                            "root_block_device.#": "1",
                            "root_block_device.0.delete_on_termination": "true",
                            "root_block_device.0.iops": "100",
                            "root_block_device.0.volume_size": "8",
                            "root_block_device.0.volume_type": "gp2",
                            "security_groups.#": "0",
                            "source_dest_check": "false",
                            "subnet_id": "subnet-aac77a84",
                            "tags.%": "1",
                            "tags.Name": "webserver",
                            "tenancy": "default",
                            "user_data": "1f124354c4b9465fb643e3f498966cc924042fe1",
                            "volume_tags.%": "0",
                            "vpc_security_group_ids.#": "1",
                            "vpc_security_group_ids.4100735592": "sg-1354d759"
                        },
                        "meta": {
                            "schema_version": "1"
                        },
                        "tainted": false
                    },
                    "deposed": [],
                    "provider": ""
                },
                "aws_internet_gateway.myigw": {
                    "type": "aws_internet_gateway",
                    "depends_on": [
                        "aws_vpc.myvpc"
                    ],
                    "primary": {
                        "id": "igw-4423133c",
                        "attributes": {
                            "id": "igw-4423133c",
                            "tags.%": "0",
                            "vpc_id": "vpc-f235f388"
                        },
                        "meta": {},
                        "tainted": false
                    },
                    "deposed": [],
                    "provider": ""
                },
                "aws_key_pair.default": {
                    "type": "aws_key_pair",
                    "depends_on": [],
                    "primary": {
                        "id": "fashioncloud",
                        "attributes": {
                            "id": "fashioncloud",
                            "key_name": "fashioncloud",
                            "public_key": "ssh-rsa AAAAB3NzaC1yc2EAAAADAQABAAABAQCpbiMxhdlKU97bfr6T8FhHbhyf96aM/2AN862rgrkP1Yemu1bxfYUWFQyw+zAQNVHOywswLoP6a76TQ5mPKlNdDWJT99ZEFIeolHzTCBJNl6t9Gq33aqfii2/a2ClE//cTfxD/pFphZoZ9/4RsQdbmN8jfqyxQ//+YU2TLOcT3dBDNBvzq5tZROMes/HlSpacEODpaGWgZ1l/cH69txrrpHs0bnei1SdmzD4tlvTZ0r5g5P+UnarGjERe5eJpzRyQMwhmq71TFbz2tGTuVl2VTqfwUeTkUUeC1uf5myiVN+EriHZmu85bwXUMK5I5xJ/fAIFvtg86zA+7mJA6UFyvL"
                        },
                        "meta": {
                            "schema_version": "1"
                        },
                        "tainted": false
                    },
                    "deposed": [],
                    "provider": ""
                },
                "aws_route_table.myroutetable": {
                    "type": "aws_route_table",
                    "depends_on": [
                        "aws_internet_gateway.myigw",
                        "aws_vpc.myvpc"
                    ],
                    "primary": {
                        "id": "rtb-c1d84fbe",
                        "attributes": {
                            "id": "rtb-c1d84fbe",
                            "propagating_vgws.#": "0",
                            "route.#": "1",
                            "route.2275474093.cidr_block": "0.0.0.0/0",
                            "route.2275474093.egress_only_gateway_id": "",
                            "route.2275474093.gateway_id": "igw-4423133c",
                            "route.2275474093.instance_id": "",
                            "route.2275474093.ipv6_cidr_block": "",
                            "route.2275474093.nat_gateway_id": "",
                            "route.2275474093.network_interface_id": "",
                            "route.2275474093.vpc_peering_connection_id": "",
                            "tags.%": "0",
                            "vpc_id": "vpc-f235f388"
                        },
                        "meta": {},
                        "tainted": false
                    },
                    "deposed": [],
                    "provider": ""
                },
                "aws_route_table_association.myroutetableassoc": {
                    "type": "aws_route_table_association",
                    "depends_on": [
                        "aws_route_table.myroutetable",
                        "aws_subnet.mysub"
                    ],
                    "primary": {
                        "id": "rtbassoc-d0aa09ae",
                        "attributes": {
                            "id": "rtbassoc-d0aa09ae",
                            "route_table_id": "rtb-c1d84fbe",
                            "subnet_id": "subnet-aac77a84"
                        },
                        "meta": {},
                        "tainted": false
                    },
                    "deposed": [],
                    "provider": ""
                },
                "aws_security_group.mysg": {
                    "type": "aws_security_group",
                    "depends_on": [
                        "aws_vpc.myvpc"
                    ],
                    "primary": {
                        "id": "sg-1354d759",
                        "attributes": {
                            "description": "Allow incoming HTTP connections \u0026 SSH access",
                            "egress.#": "1",
                            "egress.482069346.cidr_blocks.#": "1",
                            "egress.482069346.cidr_blocks.0": "0.0.0.0/0",
                            "egress.482069346.from_port": "0",
                            "egress.482069346.ipv6_cidr_blocks.#": "0",
                            "egress.482069346.prefix_list_ids.#": "0",
                            "egress.482069346.protocol": "-1",
                            "egress.482069346.security_groups.#": "0",
                            "egress.482069346.self": "false",
                            "egress.482069346.to_port": "0",
                            "id": "sg-1354d759",
                            "ingress.#": "4",
                            "ingress.1799340084.cidr_blocks.#": "1",
                            "ingress.1799340084.cidr_blocks.0": "0.0.0.0/0",
                            "ingress.1799340084.from_port": "-1",
                            "ingress.1799340084.ipv6_cidr_blocks.#": "0",
                            "ingress.1799340084.protocol": "icmp",
                            "ingress.1799340084.security_groups.#": "0",
                            "ingress.1799340084.self": "false",
                            "ingress.1799340084.to_port": "-1",
                            "ingress.2214680975.cidr_blocks.#": "1",
                            "ingress.2214680975.cidr_blocks.0": "0.0.0.0/0",
                            "ingress.2214680975.from_port": "80",
                            "ingress.2214680975.ipv6_cidr_blocks.#": "0",
                            "ingress.2214680975.protocol": "tcp",
                            "ingress.2214680975.security_groups.#": "0",
                            "ingress.2214680975.self": "false",
                            "ingress.2214680975.to_port": "80",
                            "ingress.2541437006.cidr_blocks.#": "1",
                            "ingress.2541437006.cidr_blocks.0": "0.0.0.0/0",
                            "ingress.2541437006.from_port": "22",
                            "ingress.2541437006.ipv6_cidr_blocks.#": "0",
                            "ingress.2541437006.protocol": "tcp",
                            "ingress.2541437006.security_groups.#": "0",
                            "ingress.2541437006.self": "false",
                            "ingress.2541437006.to_port": "22",
                            "ingress.2617001939.cidr_blocks.#": "1",
                            "ingress.2617001939.cidr_blocks.0": "0.0.0.0/0",
                            "ingress.2617001939.from_port": "443",
                            "ingress.2617001939.ipv6_cidr_blocks.#": "0",
                            "ingress.2617001939.protocol": "tcp",
                            "ingress.2617001939.security_groups.#": "0",
                            "ingress.2617001939.self": "false",
                            "ingress.2617001939.to_port": "443",
                            "name": "mysecuritygroup",
                            "owner_id": "549098294546",
                            "tags.%": "0",
                            "vpc_id": "vpc-f235f388"
                        },
                        "meta": {},
                        "tainted": false
                    },
                    "deposed": [],
                    "provider": ""
                },
                "aws_subnet.mysub": {
                    "type": "aws_subnet",
                    "depends_on": [
                        "aws_vpc.myvpc"
                    ],
                    "primary": {
                        "id": "subnet-aac77a84",
                        "attributes": {
                            "assign_ipv6_address_on_creation": "false",
                            "availability_zone": "us-east-1d",
                            "cidr_block": "10.0.1.0/24",
                            "id": "subnet-aac77a84",
                            "map_public_ip_on_launch": "false",
                            "tags.%": "0",
                            "vpc_id": "vpc-f235f388"
                        },
                        "meta": {
                            "schema_version": "1"
                        },
                        "tainted": false
                    },
                    "deposed": [],
                    "provider": ""
                },
                "aws_vpc.myvpc": {
                    "type": "aws_vpc",
                    "depends_on": [],
                    "primary": {
                        "id": "vpc-f235f388",
                        "attributes": {
                            "assign_generated_ipv6_cidr_block": "false",
                            "cidr_block": "10.0.0.0/16",
                            "default_network_acl_id": "acl-414f613b",
                            "default_route_table_id": "rtb-6ed84f11",
                            "default_security_group_id": "sg-1b58db51",
                            "dhcp_options_id": "dopt-5a15ee3f",
                            "enable_classiclink": "false",
                            "enable_dns_hostnames": "true",
                            "enable_dns_support": "true",
                            "id": "vpc-f235f388",
                            "instance_tenancy": "default",
                            "main_route_table_id": "rtb-6ed84f11",
                            "tags.%": "0"
                        },
                        "meta": {
                            "schema_version": "1"
                        },
                        "tainted": false
                    },
                    "deposed": [],
                    "provider": ""
                }
            },
            "depends_on": []
        }
    ]
}
